{
  "$schema": "schema/references-lock.schema.json",
  "schemaVersion": 1,
  "reviewed": "2026-08-14",
  "policy": "Each source is pinned to the recorded specification identity when present and to this reviewed retrieval date for mutable content.",
  "sources": [
    { "id": "java-jep-454", "category": "java", "title": "JEP 454: Foreign Function & Memory API", "url": "https://openjdk.org/jeps/454", "pinKind": "edition", "pin": "JEP 454 (final)", "retrieved": "2026-08-14" },
    { "id": "java-25-ffm-guide", "category": "java", "title": "Java 25 Foreign Function and Memory API Guide", "url": "https://docs.oracle.com/en/java/javase/25/core/foreign-function-and-memory-api.html", "pinKind": "release", "pin": "Java SE 25", "retrieved": "2026-08-14" },
    { "id": "java-25-native-access", "category": "java", "title": "Java 25 Restricted Methods and Native Access", "url": "https://docs.oracle.com/en/java/javase/25/core/restricted-methods.html", "pinKind": "release", "pin": "Java SE 25", "retrieved": "2026-08-14" },
    { "id": "java-jep-508", "category": "java", "title": "JEP 508: Vector API (Tenth Incubator)", "url": "https://openjdk.org/jeps/508", "pinKind": "edition", "pin": "JEP 508", "retrieved": "2026-08-14" },
    { "id": "graalvm-reachability-metadata", "category": "java", "title": "GraalVM Native Image Reachability Metadata", "url": "https://www.graalvm.org/latest/reference-manual/native-image/metadata/", "pinKind": "retrieval-date", "pin": "2026-08-14", "retrieved": "2026-08-14" },
    { "id": "graalvm-c-api", "category": "java", "title": "GraalVM Native Image C API", "url": "https://www.graalvm.org/latest/reference-manual/native-image/native-code-interoperability/C-API/", "pinKind": "retrieval-date", "pin": "2026-08-14", "retrieved": "2026-08-14" },
    { "id": "graalvm-jdk25-ffm", "category": "java", "title": "GraalVM Native Image FFM Support", "url": "https://www.graalvm.org/jdk25/reference-manual/native-image/native-code-interoperability/ffm-api/", "pinKind": "release", "pin": "GraalVM for JDK 25", "retrieved": "2026-08-14" },
    { "id": "gluon-documentation", "category": "java", "title": "Gluon Documentation", "url": "https://docs.gluonhq.com/", "pinKind": "retrieval-date", "pin": "2026-08-14", "retrieved": "2026-08-14" },
    { "id": "gluon-substrate", "category": "java", "title": "Gluon Substrate", "url": "https://github.com/gluonhq/substrate", "pinKind": "retrieval-date", "pin": "2026-08-14", "retrieved": "2026-08-14" },

    { "id": "reactive-survey", "category": "reactivity", "title": "A Survey on Reactive Programming", "url": "https://dl.acm.org/doi/10.1145/2501654.2501666", "pinKind": "edition", "pin": "DOI 10.1145/2501654.2501666", "retrieved": "2026-08-14" },
    { "id": "angular-signals", "category": "reactivity", "title": "Angular Signals Implementation", "url": "https://github.com/angular/angular/blob/main/packages/core/primitives/signals/README.md", "pinKind": "retrieval-date", "pin": "2026-08-14", "retrieved": "2026-08-14" },
    { "id": "solid-state-management", "category": "reactivity", "title": "SolidJS State Management", "url": "https://docs.solidjs.com/guides/state-management", "pinKind": "retrieval-date", "pin": "2026-08-14", "retrieved": "2026-08-14" },
    { "id": "svelte-lifecycle", "category": "reactivity", "title": "Svelte Lifecycle Hooks", "url": "https://svelte.dev/docs/svelte/lifecycle-hooks", "pinKind": "retrieval-date", "pin": "2026-08-14", "retrieved": "2026-08-14" },
    { "id": "svelte-derived", "category": "reactivity", "title": "Svelte Derived State and Push-Pull Propagation", "url": "https://svelte.dev/docs/svelte/%24derived", "pinKind": "retrieval-date", "pin": "2026-08-14", "retrieved": "2026-08-14" },
    { "id": "vue-vapor-releases", "category": "reactivity", "title": "Vue Core Releases and Vapor Mode Status", "url": "https://github.com/vuejs/core/releases", "pinKind": "retrieval-date", "pin": "2026-08-14", "retrieved": "2026-08-14" },
    { "id": "tc39-signals", "category": "reactivity", "title": "TC39 Signals Proposal", "url": "https://github.com/tc39/proposal-signals", "pinKind": "retrieval-date", "pin": "2026-08-14", "retrieved": "2026-08-14" },
    { "id": "xilem-architecture", "category": "reactivity", "title": "Xilem: an Architecture for UI in Rust", "url": "https://raphlinus.github.io/rust/gui/2022/05/07/ui-architecture.html", "pinKind": "edition", "pin": "2022-05-07", "retrieved": "2026-08-14" },
    { "id": "compose-runtime-design", "category": "reactivity", "title": "How Compose Works", "url": "https://android.googlesource.com/platform/frameworks/support/+/refs/heads/androidx-main/compose/runtime/design/how-compose-works.md", "pinKind": "retrieval-date", "pin": "2026-08-14", "retrieved": "2026-08-14" },
    { "id": "compose-mental-model", "category": "reactivity", "title": "Thinking in Compose", "url": "https://developer.android.com/develop/ui/compose/mental-model", "pinKind": "retrieval-date", "pin": "2026-08-14", "retrieved": "2026-08-14" },
    { "id": "compose-architecture", "category": "reactivity", "title": "Compose UI Architecture", "url": "https://developer.android.com/develop/ui/compose/architecture", "pinKind": "retrieval-date", "pin": "2026-08-14", "retrieved": "2026-08-14" },
    { "id": "compose-phases", "category": "reactivity", "title": "Jetpack Compose Phases", "url": "https://developer.android.com/develop/ui/compose/phases", "pinKind": "retrieval-date", "pin": "2026-08-14", "retrieved": "2026-08-14" },
    { "id": "compose-layout-basics", "category": "reactivity", "title": "Compose Layout Basics", "url": "https://developer.android.com/develop/ui/compose/layouts/basics", "pinKind": "retrieval-date", "pin": "2026-08-14", "retrieved": "2026-08-14" },
    { "id": "flutter-architecture", "category": "reactivity", "title": "Flutter Architectural Overview", "url": "https://docs.flutter.dev/resources/architectural-overview", "pinKind": "retrieval-date", "pin": "2026-08-14", "retrieved": "2026-08-14" },

    { "id": "swiftui-transaction", "category": "animation", "title": "SwiftUI Transaction", "url": "https://developer.apple.com/documentation/swiftui/transaction", "pinKind": "retrieval-date", "pin": "2026-08-14", "retrieved": "2026-08-14" },
    { "id": "swiftui-with-animation", "category": "animation", "title": "SwiftUI withAnimation Completion Semantics", "url": "https://developer.apple.com/documentation/SwiftUI/withAnimation%28_%3AcompletionCriteria%3A_%3Acompletion%3A%29", "pinKind": "retrieval-date", "pin": "2026-08-14", "retrieved": "2026-08-14" },
    { "id": "swiftui-animatable", "category": "animation", "title": "SwiftUI Animatable", "url": "https://developer.apple.com/documentation/swiftui/animatable", "pinKind": "retrieval-date", "pin": "2026-08-14", "retrieved": "2026-08-14" },
    { "id": "swiftui-vector-arithmetic", "category": "animation", "title": "SwiftUI VectorArithmetic", "url": "https://developer.apple.com/documentation/swiftui/vectorarithmetic", "pinKind": "retrieval-date", "pin": "2026-08-14", "retrieved": "2026-08-14" },
    { "id": "swiftui-custom-animation", "category": "animation", "title": "SwiftUI CustomAnimation", "url": "https://developer.apple.com/documentation/swiftui/customanimation", "pinKind": "retrieval-date", "pin": "2026-08-14", "retrieved": "2026-08-14" },
    { "id": "wwdc23-explore-animation", "category": "animation", "title": "Explore SwiftUI Animation", "url": "https://developer.apple.com/videos/play/wwdc2023/10156/", "pinKind": "edition", "pin": "WWDC 2023 session 10156", "retrieved": "2026-08-14" },
    { "id": "wwdc23-springs", "category": "animation", "title": "Animate with Springs", "url": "https://developer.apple.com/videos/play/wwdc2023/10158/", "pinKind": "edition", "pin": "WWDC 2023 session 10158", "retrieved": "2026-08-14" },
    { "id": "swiftui-animation-timing", "category": "animation", "title": "Controlling the Timing and Movements of SwiftUI Animations", "url": "https://developer.apple.com/documentation/swiftui/controlling-the-timing-and-movements-of-your-animations", "pinKind": "retrieval-date", "pin": "2026-08-14", "retrieved": "2026-08-14" },
    { "id": "swiftui-transition", "category": "animation", "title": "SwiftUI Transition", "url": "https://developer.apple.com/documentation/swiftui/transition", "pinKind": "retrieval-date", "pin": "2026-08-14", "retrieved": "2026-08-14" },
    { "id": "swiftui-matched-geometry", "category": "animation", "title": "SwiftUI matchedGeometryEffect", "url": "https://developer.apple.com/documentation/swiftui/view/matchedgeometryeffect%28id%3Ain%3Aproperties%3Aanchor%3Aissource%3A%29", "pinKind": "retrieval-date", "pin": "2026-08-14", "retrieved": "2026-08-14" },

    { "id": "itu-bt2020", "category": "color", "title": "ITU-R BT.2020: UHDTV Parameter Values", "url": "https://www.itu.int/rec/R-REC-BT.2020/en", "pinKind": "edition", "pin": "Recommendation ITU-R BT.2020", "retrieved": "2026-08-14" },
    { "id": "itu-bt2100", "category": "color", "title": "ITU-R BT.2100: HDR Television", "url": "https://www.itu.int/rec/R-REC-BT.2100/en", "pinKind": "edition", "pin": "Recommendation ITU-R BT.2100", "retrieved": "2026-08-14" },
    { "id": "css-color-4", "category": "color", "title": "CSS Color Module Level 4", "url": "https://www.w3.org/TR/css-color-4/", "pinKind": "retrieval-date", "pin": "2026-08-14", "retrieved": "2026-08-14" },
    { "id": "css-color-hdr-1", "category": "color", "title": "CSS Color HDR Module Level 1", "url": "https://www.w3.org/TR/css-color-hdr-1/", "pinKind": "retrieval-date", "pin": "2026-08-14", "retrieved": "2026-08-14" },
    { "id": "webgpu", "category": "color", "title": "WebGPU Color Spaces, Canvas Configuration, and Tone Mapping", "url": "https://www.w3.org/TR/webgpu/", "pinKind": "retrieval-date", "pin": "2026-08-14", "retrieved": "2026-08-14" },
    { "id": "icc-specifications", "category": "color", "title": "ICC Specifications, including v4 and iccMAX", "url": "https://www.color.org/icc_specs2.xalter", "pinKind": "retrieval-date", "pin": "2026-08-14", "retrieved": "2026-08-14" },
    { "id": "windows-advanced-color", "category": "color", "title": "Windows Advanced Color", "url": "https://learn.microsoft.com/en-us/windows/win32/direct3darticles/high-dynamic-range", "pinKind": "retrieval-date", "pin": "2026-08-14", "retrieved": "2026-08-14" },
    { "id": "dxgi-set-color-space", "category": "color", "title": "DXGI Swapchain Color-Space Selection", "url": "https://learn.microsoft.com/en-us/windows/win32/api/dxgi1_4/nf-dxgi1_4-idxgiswapchain3-setcolorspace1", "pinKind": "retrieval-date", "pin": "2026-08-14", "retrieved": "2026-08-14" },
    { "id": "metal-hdr-color-space", "category": "color", "title": "Apple Metal HDR Color-Space Configuration", "url": "https://developer.apple.com/documentation/metal/using-color-spaces-to-display-hdr-content", "pinKind": "retrieval-date", "pin": "2026-08-14", "retrieved": "2026-08-14" },
    { "id": "vulkan-swapchain-color-space", "category": "color", "title": "Vulkan Extended Swapchain Color Spaces", "url": "https://registry.khronos.org/vulkan/specs/latest/man/html/VK_EXT_swapchain_colorspace.html", "pinKind": "retrieval-date", "pin": "2026-08-14", "retrieved": "2026-08-14" },
    { "id": "vulkan-hdr-metadata", "category": "color", "title": "Vulkan HDR Metadata", "url": "https://registry.khronos.org/vulkan/specs/latest/man/html/VK_EXT_hdr_metadata.html", "pinKind": "retrieval-date", "pin": "2026-08-14", "retrieved": "2026-08-14" },

    { "id": "flutter-impeller", "category": "rendering", "title": "Impeller Rendering Engine", "url": "https://docs.flutter.dev/perf/impeller", "pinKind": "retrieval-date", "pin": "2026-08-14", "retrieved": "2026-08-14" },
    { "id": "firefox-rendering", "category": "rendering", "title": "Firefox Rendering Overview and WebRender Display Lists", "url": "https://firefox-source-docs.mozilla.org/gfx/RenderingOverview.html", "pinKind": "retrieval-date", "pin": "2026-08-14", "retrieved": "2026-08-14" },
    { "id": "chromium-gpu-compositing", "category": "rendering", "title": "Chromium GPU-Accelerated Compositing and GPU Process", "url": "https://www.chromium.org/developers/design-documents/gpu-accelerated-compositing-in-chrome/", "pinKind": "retrieval-date", "pin": "2026-08-14", "retrieved": "2026-08-14" },
    { "id": "rdp-graphics-pipeline", "category": "rendering", "title": "Remote Desktop Graphics Pipeline Extension", "url": "https://learn.microsoft.com/en-us/openspecs/windows_protocols/ms-rdpegfx/da5c75f9-cd99-450c-98c4-014a496942b0", "pinKind": "retrieval-date", "pin": "2026-08-14", "retrieved": "2026-08-14" },
    { "id": "vello", "category": "rendering", "title": "Vello GPU Vector Renderer", "url": "https://github.com/linebender/vello", "pinKind": "retrieval-date", "pin": "2026-08-14", "retrieved": "2026-08-14" },

    { "id": "freetype-documentation", "category": "text", "title": "FreeType Documentation", "url": "https://freetype.org/freetype2/docs/documentation.html", "pinKind": "retrieval-date", "pin": "2026-08-14", "retrieved": "2026-08-14" },
    { "id": "freetype-glyph-outlines", "category": "text", "title": "FreeType Glyph Outlines", "url": "https://freetype.org/freetype2/docs/glyphs/glyphs-2.html", "pinKind": "retrieval-date", "pin": "2026-08-14", "retrieved": "2026-08-14" },
    { "id": "freetype-outline-processing", "category": "text", "title": "FreeType Outline Processing", "url": "https://freetype.org/freetype2/docs/reference/ft2-outline_processing.html", "pinKind": "retrieval-date", "pin": "2026-08-14", "retrieved": "2026-08-14" },
    { "id": "harfbuzz-manual", "category": "text", "title": "HarfBuzz Manual", "url": "https://harfbuzz.github.io/", "pinKind": "retrieval-date", "pin": "2026-08-14", "retrieved": "2026-08-14" },
    { "id": "harfbuzz-shaping", "category": "text", "title": "HarfBuzz Shaping Concepts", "url": "https://harfbuzz.github.io/shaping-concepts.html", "pinKind": "retrieval-date", "pin": "2026-08-14", "retrieved": "2026-08-14" },
    { "id": "fontations", "category": "text", "title": "Fontations: Memory-Safe Font Parsing (read-fonts/skrifa)", "url": "https://github.com/googlefonts/fontations", "pinKind": "retrieval-date", "pin": "2026-08-14", "retrieved": "2026-08-14" },
    { "id": "parley", "category": "text", "title": "Parley Rich Text Layout", "url": "https://github.com/linebender/parley", "pinKind": "retrieval-date", "pin": "2026-08-14", "retrieved": "2026-08-14" },
    { "id": "icu4j", "category": "text", "title": "ICU4J Documentation", "url": "https://unicode-org.github.io/icu/userguide/icu4j/", "pinKind": "retrieval-date", "pin": "2026-08-14", "retrieved": "2026-08-14" },
    { "id": "icu-boundary-analysis", "category": "text", "title": "ICU Boundary Analysis", "url": "https://unicode-org.github.io/icu/userguide/boundaryanalysis/", "pinKind": "retrieval-date", "pin": "2026-08-14", "retrieved": "2026-08-14" },
    { "id": "unicode-tr9", "category": "text", "title": "Unicode Bidirectional Algorithm", "url": "https://www.unicode.org/reports/tr9/", "pinKind": "edition", "pin": "UAX #9 retrieved 2026-08-14", "retrieved": "2026-08-14" },
    { "id": "unicode-tr14", "category": "text", "title": "Unicode Line Breaking Algorithm", "url": "https://www.unicode.org/reports/tr14/", "pinKind": "edition", "pin": "UAX #14 retrieved 2026-08-14", "retrieved": "2026-08-14" },
    { "id": "unicode-tr29", "category": "text", "title": "Unicode Text Segmentation", "url": "https://www.unicode.org/reports/tr29/", "pinKind": "edition", "pin": "UAX #29 retrieved 2026-08-14", "retrieved": "2026-08-14" },

    { "id": "sdl3-events", "category": "platform", "title": "SDL3 Event Queue", "url": "https://wiki.libsdl.org/SDL3/CategoryEvents", "pinKind": "retrieval-date", "pin": "2026-08-14", "retrieved": "2026-08-14" },
    { "id": "sdl3-gpu", "category": "platform", "title": "SDL3 GPU API", "url": "https://wiki.libsdl.org/SDL3/CategoryGPU", "pinKind": "retrieval-date", "pin": "2026-08-14", "retrieved": "2026-08-14" },
    { "id": "win32-api", "category": "platform", "title": "Win32 API Reference", "url": "https://learn.microsoft.com/en-us/windows/win32/api/", "pinKind": "retrieval-date", "pin": "2026-08-14", "retrieved": "2026-08-14" },
    { "id": "d3d12-guide", "category": "platform", "title": "Direct3D 12 Programming Guide", "url": "https://learn.microsoft.com/en-us/windows/win32/direct3d12/directx-12-programming-guide", "pinKind": "retrieval-date", "pin": "2026-08-14", "retrieved": "2026-08-14" },
    { "id": "objc-runtime", "category": "platform", "title": "Apple Objective-C Runtime", "url": "https://developer.apple.com/documentation/objectivec", "pinKind": "retrieval-date", "pin": "2026-08-14", "retrieved": "2026-08-14" },
    { "id": "apple-metal", "category": "platform", "title": "Apple Metal", "url": "https://developer.apple.com/documentation/metal", "pinKind": "retrieval-date", "pin": "2026-08-14", "retrieved": "2026-08-14" },
    { "id": "android-runtime", "category": "platform", "title": "Android Runtime Architecture", "url": "https://developer.android.com/guide/platform", "pinKind": "retrieval-date", "pin": "2026-08-14", "retrieved": "2026-08-14" },
    { "id": "android-vulkan", "category": "platform", "title": "Android Vulkan Guide", "url": "https://developer.android.com/ndk/guides/graphics/", "pinKind": "retrieval-date", "pin": "2026-08-14", "retrieved": "2026-08-14" },
    { "id": "wayland-architecture", "category": "platform", "title": "Wayland Architecture", "url": "https://wayland.freedesktop.org/docs/book/Architecture.html", "pinKind": "retrieval-date", "pin": "2026-08-14", "retrieved": "2026-08-14" },
    { "id": "wayland-xml", "category": "platform", "title": "Wayland Message Definition Language", "url": "https://wayland.freedesktop.org/docs/book/Message_XML.html", "pinKind": "retrieval-date", "pin": "2026-08-14", "retrieved": "2026-08-14" },
    { "id": "vulkan-spec", "category": "platform", "title": "Vulkan Specification", "url": "https://registry.khronos.org/vulkan/specs/latest/html/vkspec.html", "pinKind": "retrieval-date", "pin": "2026-08-14", "retrieved": "2026-08-14" },
    { "id": "vulkan-registry", "category": "platform", "title": "Vulkan Registry", "url": "https://registry.khronos.org/vulkan/specs/latest/registry.html", "pinKind": "retrieval-date", "pin": "2026-08-14", "retrieved": "2026-08-14" },

    { "id": "css-flexbox-1", "category": "layout-input-accessibility", "title": "CSS Flexible Box Layout Module Level 1", "url": "https://www.w3.org/TR/css-flexbox-1/", "pinKind": "retrieval-date", "pin": "2026-08-14", "retrieved": "2026-08-14" },
    { "id": "css-grid-2", "category": "layout-input-accessibility", "title": "CSS Grid Layout Module Level 2", "url": "https://www.w3.org/TR/css-grid-2/", "pinKind": "retrieval-date", "pin": "2026-08-14", "retrieved": "2026-08-14" },
    { "id": "taffy", "category": "layout-input-accessibility", "title": "Taffy Layout Engine", "url": "https://github.com/DioxusLabs/taffy", "pinKind": "retrieval-date", "pin": "2026-08-14", "retrieved": "2026-08-14" },
    { "id": "yoga", "category": "layout-input-accessibility", "title": "Yoga Layout Engine", "url": "https://www.yogalayout.dev/", "pinKind": "retrieval-date", "pin": "2026-08-14", "retrieved": "2026-08-14" },
    { "id": "w3c-ui-events", "category": "layout-input-accessibility", "title": "W3C UI Events", "url": "https://www.w3.org/TR/uievents/", "pinKind": "retrieval-date", "pin": "2026-08-14", "retrieved": "2026-08-14" },
    { "id": "accesskit", "category": "layout-input-accessibility", "title": "AccessKit Cross-Platform Accessibility Schema", "url": "https://github.com/AccessKit/accesskit", "pinKind": "retrieval-date", "pin": "2026-08-14", "retrieved": "2026-08-14" },
    { "id": "windows-uia", "category": "layout-input-accessibility", "title": "Windows UI Automation", "url": "https://learn.microsoft.com/en-us/windows/win32/winauto/entry-uiauto-win32", "pinKind": "retrieval-date", "pin": "2026-08-14", "retrieved": "2026-08-14" },
    { "id": "apple-nsaccessibility", "category": "layout-input-accessibility", "title": "Apple Accessibility (NSAccessibility)", "url": "https://developer.apple.com/documentation/appkit/nsaccessibility", "pinKind": "retrieval-date", "pin": "2026-08-14", "retrieved": "2026-08-14" },
    { "id": "at-spi2", "category": "layout-input-accessibility", "title": "AT-SPI2 Core Documentation", "url": "https://gitlab.gnome.org/GNOME/at-spi2-core", "pinKind": "retrieval-date", "pin": "2026-08-14", "retrieved": "2026-08-14" },
    { "id": "dbus-spec", "category": "layout-input-accessibility", "title": "D-Bus Specification", "url": "https://dbus.freedesktop.org/doc/dbus-specification.html", "pinKind": "retrieval-date", "pin": "2026-08-14", "retrieved": "2026-08-14" },
    { "id": "libxkbcommon", "category": "layout-input-accessibility", "title": "libxkbcommon Documentation", "url": "https://xkbcommon.org/doc/current/", "pinKind": "retrieval-date", "pin": "2026-08-14", "retrieved": "2026-08-14" },

    { "id": "jna", "category": "test-tooling", "title": "JNA Project", "url": "https://github.com/java-native-access/jna", "pinKind": "retrieval-date", "pin": "2026-08-14", "retrieved": "2026-08-14" }
  ]
}
